<?xml version="1.0" encoding="utf-8"?>
<Project ToolsVersion="4.0" xmlns="http://schemas.microsoft.com/developer/msbuild/2003">
  <ItemGroup>
    <Filter Include="ソース ファイル">
      <UniqueIdentifier>{4FC737F1-C7A5-4376-A066-2A32D752A2FF}</UniqueIdentifier>
      <Extensions>cpp;c;cc;cxx;c++;def;odl;idl;hpj;bat;asm;asmx</Extensions>
    </Filter>
    <Filter Include="ヘッダー ファイル">
      <UniqueIdentifier>{93995380-89BD-4b04-88EB-625FBE52EBFB}</UniqueIdentifier>
      <Extensions>h;hh;hpp;hxx;h++;hm;inl;inc;ipp;xsd</Extensions>
    </Filter>
    <Filter Include="リソース ファイル">
      <UniqueIdentifier>{67DA6AB6-F800-4c08-8B7A-83BB121AAD01}</UniqueIdentifier>
      <Extensions>rc;ico;cur;bmp;dlg;rc2;rct;bin;rgs;gif;jpg;jpeg;jpe;resx;tiff;tif;png;wav;mfcribbon-ms</Extensions>
    </Filter>
  </ItemGroup>
  <ItemGroup>
    <ClCompile Include="ITP1_3_A.c">
      <Filter>ソース ファイル</Filter>
    </ClCompile>
    <ClCompile Include="ITP1_1_D.c">
      <Filter>ソース ファイル</Filter>
    </ClCompile>
    <ClCompile Include="ITP1_2_A.c">
      <Filter>ソース ファイル</Filter>
    </ClCompile>
    <ClCompile Include="ITP1_4_D.c">
      <Filter>ソース ファイル</Filter>
    </ClCompile>
    <ClCompile Include="ITP1_2_B.c">
      <Filter>ソース ファイル</Filter>
    </ClCompile>
    <ClCompile Include="ITP1_2_C.c">
      <Filter>ソース ファイル</Filter>
    </ClCompile>
    <ClCompile Include="ITP1_2_D.c">
      <Filter>ソース ファイル</Filter>
    </ClCompile>
    <ClCompile Include="ITP1_3_D.c">
      <Filter>ソース ファイル</Filter>
    </ClCompile>
    <ClCompile Include="ITP1_4_A.c">
      <Filter>ソース ファイル</Filter>
    </ClCompile>
    <ClCompile Include="ITP1_4_C.c">
      <Filter>ソース ファイル</Filter>
    </ClCompile>
    <ClCompile Include="ITP1_5_A.c">
      <Filter>ソース ファイル</Filter>
    </ClCompile>
    <ClCompile Include="ITP1_5_B.c">
      <Filter>ソース ファイル</Filter>
    </ClCompile>
    <ClCompile Include="ITP1_5_C.c">
      <Filter>ソース ファイル</Filter>
    </ClCompile>
    <ClCompile Include="ITP1_5_D.c">
      <Filter>ソース ファイル</Filter>
    </ClCompile>
    <ClCompile Include="ITP1_3_B.c">
      <Filter>ソース ファイル</Filter>
    </ClCompile>
    <ClCompile Include="ITP1_4_B.c">
      <Filter>ソース ファイル</Filter>
    </ClCompile>
    <ClCompile Include="ITP1_1_A.c">
      <Filter>ソース ファイル</Filter>
    </ClCompile>
    <ClCompile Include="ITP1_1_B.c">
      <Filter>ソース ファイル</Filter>
    </ClCompile>
    <ClCompile Include="ITP1_1_C.c">
      <Filter>ソース ファイル</Filter>
    </ClCompile>
    <ClCompile Include="ITP1_3_C.c">
      <Filter>ソース ファイル</Filter>
    </ClCompile>
    <ClCompile Include="ITP1_6_A.c">
      <Filter>ソース ファイル</Filter>
    </ClCompile>
    <ClCompile Include="ITP1_6_B.c">
      <Filter>ソース ファイル</Filter>
    </ClCompile>
    <ClCompile Include="ITP1_6_C.c">
      <Filter>ソース ファイル</Filter>
    </ClCompile>
    <ClCompile Include="ITP1_6_D.c">
      <Filter>ソース ファイル</Filter>
    </ClCompile>
    <ClCompile Include="ITP1_7_A.c">
      <Filter>ソース ファイル</Filter>
    </ClCompile>
    <ClCompile Include="ITP1_7_B.c">
      <Filter>ソース ファイル</Filter>
    </ClCompile>
    <ClCompile Include="ITP1_7_C.c">
      <Filter>ソース ファイル</Filter>
    </ClCompile>
    <ClCompile Include="ITP1_7_D.c">
      <Filter>ソース ファイル</Filter>
    </ClCompile>
    <ClCompile Include="ITP1_8_A.c">
      <Filter>ソース ファイル</Filter>
    </ClCompile>
    <ClCompile Include="ITP1_8_B.c">
      <Filter>ソース ファイル</Filter>
    </ClCompile>
    <ClCompile Include="ITP1_8_C.c">
      <Filter>ソース ファイル</Filter>
    </ClCompile>
    <ClCompile Include="ITP1_8_D.c">
      <Filter>ソース ファイル</Filter>
    </ClCompile>
    <ClCompile Include="ITP1_9_A.c">
      <Filter>ソース ファイル</Filter>
    </ClCompile>
    <ClCompile Include="ITP1_9_B.c">
      <Filter>ソース ファイル</Filter>
    </ClCompile>
    <ClCompile Include="ITP1_9_A_2.c">
      <Filter>ソース ファイル</Filter>
    </ClCompile>
    <ClCompile Include="osegu.c">
      <Filter>ソース ファイル</Filter>
    </ClCompile>
    <ClCompile Include="ITP1_9_B_2.c">
      <Filter>ソース ファイル</Filter>
    </ClCompile>
    <ClCompile Include="ITP1_9_C.c">
      <Filter>ソース ファイル</Filter>
    </ClCompile>
    <ClCompile Include="ITP1_9_D.c">
      <Filter>ソース ファイル</Filter>
    </ClCompile>
    <ClCompile Include="ITP1_10_A.c">
      <Filter>ソース ファイル</Filter>
    </ClCompile>
    <ClCompile Include="ITP1_10_B.c">
      <Filter>ソース ファイル</Filter>
    </ClCompile>
    <ClCompile Include="ITP1_10_C.c">
      <Filter>ソース ファイル</Filter>
    </ClCompile>
    <ClCompile Include="ITP1_10_D.c">
      <Filter>ソース ファイル</Filter>
    </ClCompile>
    <ClCompile Include="ITP1_9_B_subfunc.c">
      <Filter>ソース ファイル</Filter>
    </ClCompile>
    <ClCompile Include="ITP1_11_A.c">
      <Filter>ソース ファイル</Filter>
    </ClCompile>
    <ClCompile Include="ITP1_11_B.c">
      <Filter>ソース ファイル</Filter>
    </ClCompile>
    <ClCompile Include="ITP1_11_C.c">
      <Filter>ソース ファイル</Filter>
    </ClCompile>
    <ClCompile Include="ITP1_11_D.c">
      <Filter>ソース ファイル</Filter>
    </ClCompile>
    <ClCompile Include="ITP2_1_A.c">
      <Filter>ソース ファイル</Filter>
    </ClCompile>
    <ClCompile Include="ITP2_1_D.c">
      <Filter>ソース ファイル</Filter>
    </ClCompile>
    <ClCompile Include="ITP2_8_A.c">
      <Filter>ソース ファイル</Filter>
    </ClCompile>
    <ClCompile Include="mob3_7.c">
      <Filter>ソース ファイル</Filter>
    </ClCompile>
    <ClCompile Include="ITP2_8_A_Hash.c">
      <Filter>ソース ファイル</Filter>
    </ClCompile>
    <ClCompile Include="ITP2_8_A_tree.c">
      <Filter>ソース ファイル</Filter>
    </ClCompile>
    <ClCompile Include="ITP2_4_C.c">
      <Filter>ソース ファイル</Filter>
    </ClCompile>
    <ClCompile Include="ITP2_5_A.c">
      <Filter>ソース ファイル</Filter>
    </ClCompile>
    <ClCompile Include="ITP2_2_A.c">
      <Filter>ソース ファイル</Filter>
    </ClCompile>
    <ClCompile Include="ITP2_2_A_funcpoint.c">
      <Filter>ソース ファイル</Filter>
    </ClCompile>
  </ItemGroup>
  <ItemGroup>
    <ClInclude Include="ITP1_3_A.h">
      <Filter>ヘッダー ファイル</Filter>
    </ClInclude>
    <ClInclude Include="ITP1_11_A.h">
      <Filter>ヘッダー ファイル</Filter>
    </ClInclude>
    <ClInclude Include="mystring.h">
      <Filter>ヘッダー ファイル</Filter>
    </ClInclude>
  </ItemGroup>
</Project>